
Microsoft Visual Studio Solution File, Format Version 12.00
# Visual Studio 15
Project("{FAE04EC0-301F-11D3-BF4B-00C04F79EFBC}") = "TheCatApi", "TheCatApi.csproj", "{F7324CBC-B82F-4D93-8252-D59ABD8B6451}"
EndProject
Project("{FAE04EC0-301F-11D3-BF4B-00C04F79EFBC}") = "TheCatApi.Tests", "TheCatApi.Tests\TheCatApi.Tests.csproj", "{1AF47457-41AF-4626-BBFC-D4CE7CC56A33}"
EndProject
Global
	GlobalSection(SolutionConfigurationPlatforms) = preSolution
		Debug|Any CPU = Debug|Any CPU
		Release|Any CPU = Release|Any CPU
	EndGlobalSection
	GlobalSection(ProjectConfigurationPlatforms) = postSolution
		{F7324CBC-B82F-4D93-8252-D59ABD8B6451}.Debug|Any CPU.ActiveCfg = Debug|Any CPU
		{F7324CBC-B82F-4D93-8252-D59ABD8B6451}.Debug|Any CPU.Build.0 = Debug|Any CPU
		{F7324CBC-B82F-4D93-8252-D59ABD8B6451}.Release|Any CPU.ActiveCfg = Release|Any CPU
		{F7324CBC-B82F-4D93-8252-D59ABD8B6451}.Release|Any CPU.Build.0 = Release|Any CPU
		{1AF47457-41AF-4626-BBFC-D4CE7CC56A33}.Debug|Any CPU.ActiveCfg = Debug|Any CPU
		{1AF47457-41AF-4626-BBFC-D4CE7CC56A33}.Debug|Any CPU.Build.0 = Debug|Any CPU
		{1AF47457-41AF-4626-BBFC-D4CE7CC56A33}.Release|Any CPU.ActiveCfg = Release|Any CPU
		{1AF47457-41AF-4626-BBFC-D4CE7CC56A33}.Release|Any CPU.Build.0 = Release|Any CPU
	EndGlobalSection
EndGlobal
